// !$*UTF8*$!
{
	archiveVersion = 1;
	classes = {
	};
	objectVersion = 46;
	objects = {

/* Begin PBXBuildFile section */
		1F785B92C8F2DE0A7454BF7B /* libPods-tests.a in Frameworks */ = {isa = PBXBuildFile; fileRef = 25D2F12B1922F2AADB1B7817 /* libPods-tests.a */; };
		2CB101EE1E53743A007D33DA /* main.m in Sources */ = {isa = PBXBuildFile; fileRef = 2CB101ED1E53743A007D33DA /* main.m */; };
		2CB101F91E53743A007D33DA /* Assets.xcassets in Resources */ = {isa = PBXBuildFile; fileRef = 2CB101F81E53743A007D33DA /* Assets.xcassets */; };
		2CB1021F1E56160D007D33DA /* OpenGLES2Buffer.cpp in Sources */ = {isa = PBXBuildFile; fileRef = 2CB102051E56160C007D33DA /* OpenGLES2Buffer.cpp */; };
		2CB102201E56160D007D33DA /* OpenGLES2Factory.cpp in Sources */ = {isa = PBXBuildFile; fileRef = 2CB102071E56160C007D33DA /* OpenGLES2Factory.cpp */; };
		2CB102211E56160D007D33DA /* OpenGLES2FrameBuffer.cpp in Sources */ = {isa = PBXBuildFile; fileRef = 2CB102091E56160C007D33DA /* OpenGLES2FrameBuffer.cpp */; };
		2CB102221E56160D007D33DA /* OpenGLES2IndexBuffer.cpp in Sources */ = {isa = PBXBuildFile; fileRef = 2CB1020B1E56160C007D33DA /* OpenGLES2IndexBuffer.cpp */; };
		2CB102231E56160D007D33DA /* OpenGLES2Renderer.cpp in Sources */ = {isa = PBXBuildFile; fileRef = 2CB1020D1E56160C007D33DA /* OpenGLES2Renderer.cpp */; };
		2CB102241E56160D007D33DA /* OpenGLES2Shader.cpp in Sources */ = {isa = PBXBuildFile; fileRef = 2CB1020F1E56160C007D33DA /* OpenGLES2Shader.cpp */; };
		2CB102251E56160D007D33DA /* OpenGLES2ShaderColorPos.cpp in Sources */ = {isa = PBXBuildFile; fileRef = 2CB102111E56160C007D33DA /* OpenGLES2ShaderColorPos.cpp */; };
		2CB102261E56160D007D33DA /* OpenGLES2ShaderColorPosTex.cpp in Sources */ = {isa = PBXBuildFile; fileRef = 2CB102131E56160D007D33DA /* OpenGLES2ShaderColorPosTex.cpp */; };
		2CB102271E56160D007D33DA /* OpenGLES2ShaderPosClr.cpp in Sources */ = {isa = PBXBuildFile; fileRef = 2CB102151E56160D007D33DA /* OpenGLES2ShaderPosClr.cpp */; };
		2CB102281E56160D007D33DA /* OpenGLES2ShaderPosTex.cpp in Sources */ = {isa = PBXBuildFile; fileRef = 2CB102171E56160D007D33DA /* OpenGLES2ShaderPosTex.cpp */; };
		2CB102291E56160D007D33DA /* OpenGLES2Texture2D.cpp in Sources */ = {isa = PBXBuildFile; fileRef = 2CB102191E56160D007D33DA /* OpenGLES2Texture2D.cpp */; };
		2CB1022A1E56160D007D33DA /* OpenGLES2VertexArray.cpp in Sources */ = {isa = PBXBuildFile; fileRef = 2CB1021B1E56160D007D33DA /* OpenGLES2VertexArray.cpp */; };
		2CB1022B1E56160D007D33DA /* OpenGLES2VertexBuffer.cpp in Sources */ = {isa = PBXBuildFile; fileRef = 2CB1021D1E56160D007D33DA /* OpenGLES2VertexBuffer.cpp */; };
/* End PBXBuildFile section */

/* Begin PBXFileReference section */
		2576F776027BED87CF87E053 /* Pods-tests.release.xcconfig */ = {isa = PBXFileReference; includeInIndex = 1; lastKnownFileType = text.xcconfig; name = "Pods-tests.release.xcconfig"; path = "Pods/Target Support Files/Pods-tests/Pods-tests.release.xcconfig"; sourceTree = "<group>"; };
		25D2F12B1922F2AADB1B7817 /* libPods-tests.a */ = {isa = PBXFileReference; explicitFileType = archive.ar; includeInIndex = 0; path = "libPods-tests.a"; sourceTree = BUILT_PRODUCTS_DIR; };
		2CB101E91E53743A007D33DA /* tests.app */ = {isa = PBXFileReference; explicitFileType = wrapper.application; includeInIndex = 0; path = tests.app; sourceTree = BUILT_PRODUCTS_DIR; };
		2CB101ED1E53743A007D33DA /* main.m */ = {isa = PBXFileReference; lastKnownFileType = sourcecode.c.objc; path = main.m; sourceTree = "<group>"; };
		2CB101F81E53743A007D33DA /* Assets.xcassets */ = {isa = PBXFileReference; lastKnownFileType = folder.assetcatalog; path = Assets.xcassets; sourceTree = "<group>"; };
		2CB101FD1E53743A007D33DA /* Info.plist */ = {isa = PBXFileReference; lastKnownFileType = text.plist.xml; path = Info.plist; sourceTree = "<group>"; };
		2CB102041E56160C007D33DA /* OpenGLES2_util.hpp */ = {isa = PBXFileReference; fileEncoding = 4; lastKnownFileType = sourcecode.cpp.h; path = OpenGLES2_util.hpp; sourceTree = "<group>"; };
		2CB102051E56160C007D33DA /* OpenGLES2Buffer.cpp */ = {isa = PBXFileReference; fileEncoding = 4; lastKnownFileType = sourcecode.cpp.cpp; path = OpenGLES2Buffer.cpp; sourceTree = "<group>"; };
		2CB102061E56160C007D33DA /* OpenGLES2Buffer.hpp */ = {isa = PBXFileReference; fileEncoding = 4; lastKnownFileType = sourcecode.cpp.h; path = OpenGLES2Buffer.hpp; sourceTree = "<group>"; };
		2CB102071E56160C007D33DA /* OpenGLES2Factory.cpp */ = {isa = PBXFileReference; fileEncoding = 4; lastKnownFileType = sourcecode.cpp.cpp; path = OpenGLES2Factory.cpp; sourceTree = "<group>"; };
		2CB102081E56160C007D33DA /* OpenGLES2Factory.hpp */ = {isa = PBXFileReference; fileEncoding = 4; lastKnownFileType = sourcecode.cpp.h; path = OpenGLES2Factory.hpp; sourceTree = "<group>"; };
		2CB102091E56160C007D33DA /* OpenGLES2FrameBuffer.cpp */ = {isa = PBXFileReference; fileEncoding = 4; lastKnownFileType = sourcecode.cpp.cpp; path = OpenGLES2FrameBuffer.cpp; sourceTree = "<group>"; };
		2CB1020A1E56160C007D33DA /* OpenGLES2FrameBuffer.hpp */ = {isa = PBXFileReference; fileEncoding = 4; lastKnownFileType = sourcecode.cpp.h; path = OpenGLES2FrameBuffer.hpp; sourceTree = "<group>"; };
		2CB1020B1E56160C007D33DA /* OpenGLES2IndexBuffer.cpp */ = {isa = PBXFileReference; fileEncoding = 4; lastKnownFileType = sourcecode.cpp.cpp; path = OpenGLES2IndexBuffer.cpp; sourceTree = "<group>"; };
		2CB1020C1E56160C007D33DA /* OpenGLES2IndexBuffer.hpp */ = {isa = PBXFileReference; fileEncoding = 4; lastKnownFileType = sourcecode.cpp.h; path = OpenGLES2IndexBuffer.hpp; sourceTree = "<group>"; };
		2CB1020D1E56160C007D33DA /* OpenGLES2Renderer.cpp */ = {isa = PBXFileReference; fileEncoding = 4; lastKnownFileType = sourcecode.cpp.cpp; path = OpenGLES2Renderer.cpp; sourceTree = "<group>"; };
		2CB1020E1E56160C007D33DA /* OpenGLES2Renderer.hpp */ = {isa = PBXFileReference; fileEncoding = 4; lastKnownFileType = sourcecode.cpp.h; path = OpenGLES2Renderer.hpp; sourceTree = "<group>"; };
		2CB1020F1E56160C007D33DA /* OpenGLES2Shader.cpp */ = {isa = PBXFileReference; fileEncoding = 4; lastKnownFileType = sourcecode.cpp.cpp; path = OpenGLES2Shader.cpp; sourceTree = "<group>"; };
		2CB102101E56160C007D33DA /* OpenGLES2Shader.hpp */ = {isa = PBXFileReference; fileEncoding = 4; lastKnownFileType = sourcecode.cpp.h; path = OpenGLES2Shader.hpp; sourceTree = "<group>"; };
		2CB102111E56160C007D33DA /* OpenGLES2ShaderColorPos.cpp */ = {isa = PBXFileReference; fileEncoding = 4; lastKnownFileType = sourcecode.cpp.cpp; path = OpenGLES2ShaderColorPos.cpp; sourceTree = "<group>"; };
		2CB102121E56160D007D33DA /* OpenGLES2ShaderColorPos.hpp */ = {isa = PBXFileReference; fileEncoding = 4; lastKnownFileType = sourcecode.cpp.h; path = OpenGLES2ShaderColorPos.hpp; sourceTree = "<group>"; };
		2CB102131E56160D007D33DA /* OpenGLES2ShaderColorPosTex.cpp */ = {isa = PBXFileReference; fileEncoding = 4; lastKnownFileType = sourcecode.cpp.cpp; path = OpenGLES2ShaderColorPosTex.cpp; sourceTree = "<group>"; };
		2CB102141E56160D007D33DA /* OpenGLES2ShaderColorPosTex.hpp */ = {isa = PBXFileReference; fileEncoding = 4; lastKnownFileType = sourcecode.cpp.h; path = OpenGLES2ShaderColorPosTex.hpp; sourceTree = "<group>"; };
		2CB102151E56160D007D33DA /* OpenGLES2ShaderPosClr.cpp */ = {isa = PBXFileReference; fileEncoding = 4; lastKnownFileType = sourcecode.cpp.cpp; path = OpenGLES2ShaderPosClr.cpp; sourceTree = "<group>"; };
		2CB102161E56160D007D33DA /* OpenGLES2ShaderPosClr.hpp */ = {isa = PBXFileReference; fileEncoding = 4; lastKnownFileType = sourcecode.cpp.h; path = OpenGLES2ShaderPosClr.hpp; sourceTree = "<group>"; };
		2CB102171E56160D007D33DA /* OpenGLES2ShaderPosTex.cpp */ = {isa = PBXFileReference; fileEncoding = 4; lastKnownFileType = sourcecode.cpp.cpp; path = OpenGLES2ShaderPosTex.cpp; sourceTree = "<group>"; };
		2CB102181E56160D007D33DA /* OpenGLES2ShaderPosTex.hpp */ = {isa = PBXFileReference; fileEncoding = 4; lastKnownFileType = sourcecode.cpp.h; path = OpenGLES2ShaderPosTex.hpp; sourceTree = "<group>"; };
		2CB102191E56160D007D33DA /* OpenGLES2Texture2D.cpp */ = {isa = PBXFileReference; fileEncoding = 4; lastKnownFileType = sourcecode.cpp.cpp; path = OpenGLES2Texture2D.cpp; sourceTree = "<group>"; };
		2CB1021A1E56160D007D33DA /* OpenGLES2Texture2D.hpp */ = {isa = PBXFileReference; fileEncoding = 4; lastKnownFileType = sourcecode.cpp.h; path = OpenGLES2Texture2D.hpp; sourceTree = "<group>"; };
		2CB1021B1E56160D007D33DA /* OpenGLES2VertexArray.cpp */ = {isa = PBXFileReference; fileEncoding = 4; lastKnownFileType = sourcecode.cpp.cpp; path = OpenGLES2VertexArray.cpp; sourceTree = "<group>"; };
		2CB1021C1E56160D007D33DA /* OpenGLES2VertexArray.hpp */ = {isa = PBXFileReference; fileEncoding = 4; lastKnownFileType = sourcecode.cpp.h; path = OpenGLES2VertexArray.hpp; sourceTree = "<group>"; };
		2CB1021D1E56160D007D33DA /* OpenGLES2VertexBuffer.cpp */ = {isa = PBXFileReference; fileEncoding = 4; lastKnownFileType = sourcecode.cpp.cpp; path = OpenGLES2VertexBuffer.cpp; sourceTree = "<group>"; };
		2CB1021E1E56160D007D33DA /* OpenGLES2VertexBuffer.hpp */ = {isa = PBXFileReference; fileEncoding = 4; lastKnownFileType = sourcecode.cpp.h; path = OpenGLES2VertexBuffer.hpp; sourceTree = "<group>"; };
		5609313774B0CCC5438D08AD /* Pods-tests.debug.xcconfig */ = {isa = PBXFileReference; includeInIndex = 1; lastKnownFileType = text.xcconfig; name = "Pods-tests.debug.xcconfig"; path = "Pods/Target Support Files/Pods-tests/Pods-tests.debug.xcconfig"; sourceTree = "<group>"; };
/* End PBXFileReference section */

/* Begin PBXFrameworksBuildPhase section */
		2CB101E61E53743A007D33DA /* Frameworks */ = {
			isa = PBXFrameworksBuildPhase;
			buildActionMask = 2147483647;
			files = (
				1F785B92C8F2DE0A7454BF7B /* libPods-tests.a in Frameworks */,
			);
			runOnlyForDeploymentPostprocessing = 0;
		};
/* End PBXFrameworksBuildPhase section */

/* Begin PBXGroup section */
		2CB101E01E53743A007D33DA = {
			isa = PBXGroup;
			children = (
				2CB101EB1E53743A007D33DA /* tests */,
				2CB101EA1E53743A007D33DA /* Products */,
				CA744CFD587C01DF45726EC8 /* Pods */,
				F4F333DC436CBCEA2CFD33A6 /* Frameworks */,
			);
			sourceTree = "<group>";
		};
		2CB101EA1E53743A007D33DA /* Products */ = {
			isa = PBXGroup;
			children = (
				2CB101E91E53743A007D33DA /* tests.app */,
			);
			name = Products;
			sourceTree = "<group>";
		};
		2CB101EB1E53743A007D33DA /* tests */ = {
			isa = PBXGroup;
			children = (
				2CB102031E56160C007D33DA /* mordaren */,
				2CB101F81E53743A007D33DA /* Assets.xcassets */,
				2CB101FD1E53743A007D33DA /* Info.plist */,
				2CB101EC1E53743A007D33DA /* Supporting Files */,
			);
			path = tests;
			sourceTree = "<group>";
		};
		2CB101EC1E53743A007D33DA /* Supporting Files */ = {
			isa = PBXGroup;
			children = (
				2CB101ED1E53743A007D33DA /* main.m */,
			);
			name = "Supporting Files";
			sourceTree = "<group>";
		};
		2CB102031E56160C007D33DA /* mordaren */ = {
			isa = PBXGroup;
			children = (
				2CB102041E56160C007D33DA /* OpenGLES2_util.hpp */,
				2CB102051E56160C007D33DA /* OpenGLES2Buffer.cpp */,
				2CB102061E56160C007D33DA /* OpenGLES2Buffer.hpp */,
				2CB102071E56160C007D33DA /* OpenGLES2Factory.cpp */,
				2CB102081E56160C007D33DA /* OpenGLES2Factory.hpp */,
				2CB102091E56160C007D33DA /* OpenGLES2FrameBuffer.cpp */,
				2CB1020A1E56160C007D33DA /* OpenGLES2FrameBuffer.hpp */,
				2CB1020B1E56160C007D33DA /* OpenGLES2IndexBuffer.cpp */,
				2CB1020C1E56160C007D33DA /* OpenGLES2IndexBuffer.hpp */,
				2CB1020D1E56160C007D33DA /* OpenGLES2Renderer.cpp */,
				2CB1020E1E56160C007D33DA /* OpenGLES2Renderer.hpp */,
				2CB1020F1E56160C007D33DA /* OpenGLES2Shader.cpp */,
				2CB102101E56160C007D33DA /* OpenGLES2Shader.hpp */,
				2CB102111E56160C007D33DA /* OpenGLES2ShaderColorPos.cpp */,
				2CB102121E56160D007D33DA /* OpenGLES2ShaderColorPos.hpp */,
				2CB102131E56160D007D33DA /* OpenGLES2ShaderColorPosTex.cpp */,
				2CB102141E56160D007D33DA /* OpenGLES2ShaderColorPosTex.hpp */,
				2CB102151E56160D007D33DA /* OpenGLES2ShaderPosClr.cpp */,
				2CB102161E56160D007D33DA /* OpenGLES2ShaderPosClr.hpp */,
				2CB102171E56160D007D33DA /* OpenGLES2ShaderPosTex.cpp */,
				2CB102181E56160D007D33DA /* OpenGLES2ShaderPosTex.hpp */,
				2CB102191E56160D007D33DA /* OpenGLES2Texture2D.cpp */,
				2CB1021A1E56160D007D33DA /* OpenGLES2Texture2D.hpp */,
				2CB1021B1E56160D007D33DA /* OpenGLES2VertexArray.cpp */,
				2CB1021C1E56160D007D33DA /* OpenGLES2VertexArray.hpp */,
				2CB1021D1E56160D007D33DA /* OpenGLES2VertexBuffer.cpp */,
				2CB1021E1E56160D007D33DA /* OpenGLES2VertexBuffer.hpp */,
			);
			name = mordaren;
			path = ../../src/mordaren;
			sourceTree = "<group>";
		};
		CA744CFD587C01DF45726EC8 /* Pods */ = {
			isa = PBXGroup;
			children = (
				5609313774B0CCC5438D08AD /* Pods-tests.debug.xcconfig */,
				2576F776027BED87CF87E053 /* Pods-tests.release.xcconfig */,
			);
			name = Pods;
			sourceTree = "<group>";
		};
		F4F333DC436CBCEA2CFD33A6 /* Frameworks */ = {
			isa = PBXGroup;
			children = (
				25D2F12B1922F2AADB1B7817 /* libPods-tests.a */,
			);
			name = Frameworks;
			sourceTree = "<group>";
		};
/* End PBXGroup section */

/* Begin PBXNativeTarget section */
		2CB101E81E53743A007D33DA /* tests */ = {
			isa = PBXNativeTarget;
			buildConfigurationList = 2CB102001E53743A007D33DA /* Build configuration list for PBXNativeTarget "tests" */;
			buildPhases = (
				F8CC9354B9707478045BC887 /* [CP] Check Pods Manifest.lock */,
				2CB101E51E53743A007D33DA /* Sources */,
				2CB101E61E53743A007D33DA /* Frameworks */,
				2CB101E71E53743A007D33DA /* Resources */,
				06B724CF872571716C0E09D8 /* [CP] Embed Pods Frameworks */,
				D0E4549E916A9F9ED2C8FC9B /* [CP] Copy Pods Resources */,
			);
			buildRules = (
			);
			dependencies = (
			);
			name = tests;
			productName = tests;
			productReference = 2CB101E91E53743A007D33DA /* tests.app */;
			productType = "com.apple.product-type.application";
		};
/* End PBXNativeTarget section */

/* Begin PBXProject section */
		2CB101E11E53743A007D33DA /* Project object */ = {
			isa = PBXProject;
			attributes = {
				LastUpgradeCheck = 0820;
				ORGANIZATIONNAME = "Ivan Gagis";
				TargetAttributes = {
					2CB101E81E53743A007D33DA = {
						CreatedOnToolsVersion = 8.2.1;
						ProvisioningStyle = Automatic;
					};
				};
			};
			buildConfigurationList = 2CB101E41E53743A007D33DA /* Build configuration list for PBXProject "tests" */;
			compatibilityVersion = "Xcode 3.2";
			developmentRegion = English;
			hasScannedForEncodings = 0;
			knownRegions = (
				en,
				Base,
			);
			mainGroup = 2CB101E01E53743A007D33DA;
			productRefGroup = 2CB101EA1E53743A007D33DA /* Products */;
			projectDirPath = "";
			projectRoot = "";
			targets = (
				2CB101E81E53743A007D33DA /* tests */,
			);
		};
/* End PBXProject section */

/* Begin PBXResourcesBuildPhase section */
		2CB101E71E53743A007D33DA /* Resources */ = {
			isa = PBXResourcesBuildPhase;
			buildActionMask = 2147483647;
			files = (
				2CB101F91E53743A007D33DA /* Assets.xcassets in Resources */,
			);
			runOnlyForDeploymentPostprocessing = 0;
		};
/* End PBXResourcesBuildPhase section */

/* Begin PBXShellScriptBuildPhase section */
		06B724CF872571716C0E09D8 /* [CP] Embed Pods Frameworks */ = {
			isa = PBXShellScriptBuildPhase;
			buildActionMask = 2147483647;
			files = (
			);
			inputPaths = (
			);
			name = "[CP] Embed Pods Frameworks";
			outputPaths = (
			);
			runOnlyForDeploymentPostprocessing = 0;
			shellPath = /bin/sh;
			shellScript = "\"${SRCROOT}/Pods/Target Support Files/Pods-tests/Pods-tests-frameworks.sh\"\n";
			showEnvVarsInLog = 0;
		};
		D0E4549E916A9F9ED2C8FC9B /* [CP] Copy Pods Resources */ = {
			isa = PBXShellScriptBuildPhase;
			buildActionMask = 2147483647;
			files = (
			);
			inputPaths = (
			);
			name = "[CP] Copy Pods Resources";
			outputPaths = (
			);
			runOnlyForDeploymentPostprocessing = 0;
			shellPath = /bin/sh;
			shellScript = "\"${SRCROOT}/Pods/Target Support Files/Pods-tests/Pods-tests-resources.sh\"\n";
			showEnvVarsInLog = 0;
		};
		F8CC9354B9707478045BC887 /* [CP] Check Pods Manifest.lock */ = {
			isa = PBXShellScriptBuildPhase;
			buildActionMask = 2147483647;
			files = (
			);
			inputPaths = (
			);
			name = "[CP] Check Pods Manifest.lock";
			outputPaths = (
			);
			runOnlyForDeploymentPostprocessing = 0;
			shellPath = /bin/sh;
			shellScript = "diff \"${PODS_ROOT}/../Podfile.lock\" \"${PODS_ROOT}/Manifest.lock\" > /dev/null\nif [[ $? != 0 ]] ; then\n    cat << EOM\nerror: The sandbox is not in sync with the Podfile.lock. Run 'pod install' or update your CocoaPods installation.\nEOM\n    exit 1\nfi\n";
			showEnvVarsInLog = 0;
		};
/* End PBXShellScriptBuildPhase section */

/* Begin PBXSourcesBuildPhase section */
		2CB101E51E53743A007D33DA /* Sources */ = {
			isa = PBXSourcesBuildPhase;
			buildActionMask = 2147483647;
			files = (
				2CB1022A1E56160D007D33DA /* OpenGLES2VertexArray.cpp in Sources */,
				2CB102201E56160D007D33DA /* OpenGLES2Factory.cpp in Sources */,
				2CB102291E56160D007D33DA /* OpenGLES2Texture2D.cpp in Sources */,
				2CB102271E56160D007D33DA /* OpenGLES2ShaderPosClr.cpp in Sources */,
				2CB102211E56160D007D33DA /* OpenGLES2FrameBuffer.cpp in Sources */,
				2CB102241E56160D007D33DA /* OpenGLES2Shader.cpp in Sources */,
				2CB102251E56160D007D33DA /* OpenGLES2ShaderColorPos.cpp in Sources */,
				2CB101EE1E53743A007D33DA /* main.m in Sources */,
				2CB102281E56160D007D33DA /* OpenGLES2ShaderPosTex.cpp in Sources */,
				2CB1022B1E56160D007D33DA /* OpenGLES2VertexBuffer.cpp in Sources */,
				2CB102221E56160D007D33DA /* OpenGLES2IndexBuffer.cpp in Sources */,
				2CB102231E56160D007D33DA /* OpenGLES2Renderer.cpp in Sources */,
				2CB1021F1E56160D007D33DA /* OpenGLES2Buffer.cpp in Sources */,
				2CB102261E56160D007D33DA /* OpenGLES2ShaderColorPosTex.cpp in Sources */,
			);
			runOnlyForDeploymentPostprocessing = 0;
		};
/* End PBXSourcesBuildPhase section */

/* Begin XCBuildConfiguration section */
		2CB101FE1E53743A007D33DA /* Debug */ = {
			isa = XCBuildConfiguration;
			buildSettings = {
				ALWAYS_SEARCH_USER_PATHS = NO;
				CLANG_ANALYZER_NONNULL = YES;
				CLANG_CXX_LANGUAGE_STANDARD = "gnu++0x";
				CLANG_CXX_LIBRARY = "libc++";
				CLANG_ENABLE_MODULES = YES;
				CLANG_ENABLE_OBJC_ARC = YES;
				CLANG_WARN_BOOL_CONVERSION = YES;
				CLANG_WARN_CONSTANT_CONVERSION = YES;
				CLANG_WARN_DIRECT_OBJC_ISA_USAGE = YES_ERROR;
				CLANG_WARN_DOCUMENTATION_COMMENTS = YES;
				CLANG_WARN_EMPTY_BODY = YES;
				CLANG_WARN_ENUM_CONVERSION = YES;
				CLANG_WARN_INFINITE_RECURSION = YES;
				CLANG_WARN_INT_CONVERSION = YES;
				CLANG_WARN_OBJC_ROOT_CLASS = YES_ERROR;
				CLANG_WARN_SUSPICIOUS_MOVE = YES;
				CLANG_WARN_UNREACHABLE_CODE = YES;
				CLANG_WARN__DUPLICATE_METHOD_MATCH = YES;
				"CODE_SIGN_IDENTITY[sdk=iphoneos*]" = "iPhone Developer";
				COPY_PHASE_STRIP = NO;
				DEBUG_INFORMATION_FORMAT = dwarf;
				ENABLE_STRICT_OBJC_MSGSEND = YES;
				ENABLE_TESTABILITY = YES;
				GCC_C_LANGUAGE_STANDARD = gnu99;
				GCC_DYNAMIC_NO_PIC = NO;
				GCC_NO_COMMON_BLOCKS = YES;
				GCC_OPTIMIZATION_LEVEL = 0;
				GCC_PREPROCESSOR_DEFINITIONS = (
					"DEBUG=1",
					"$(inherited)",
				);
				GCC_WARN_64_TO_32_BIT_CONVERSION = YES;
				GCC_WARN_ABOUT_RETURN_TYPE = YES_ERROR;
				GCC_WARN_UNDECLARED_SELECTOR = YES;
				GCC_WARN_UNINITIALIZED_AUTOS = YES_AGGRESSIVE;
				GCC_WARN_UNUSED_FUNCTION = YES;
				GCC_WARN_UNUSED_VARIABLE = YES;
				IPHONEOS_DEPLOYMENT_TARGET = 10.2;
				MTL_ENABLE_DEBUG_INFO = YES;
				ONLY_ACTIVE_ARCH = YES;
				SDKROOT = iphoneos;
				TARGETED_DEVICE_FAMILY = "1,2";
			};
			name = Debug;
		};
		2CB101FF1E53743A007D33DA /* Release */ = {
			isa = XCBuildConfiguration;
			buildSettings = {
				ALWAYS_SEARCH_USER_PATHS = NO;
				CLANG_ANALYZER_NONNULL = YES;
				CLANG_CXX_LANGUAGE_STANDARD = "gnu++0x";
				CLANG_CXX_LIBRARY = "libc++";
				CLANG_ENABLE_MODULES = YES;
				CLANG_ENABLE_OBJC_ARC = YES;
				CLANG_WARN_BOOL_CONVERSION = YES;
				CLANG_WARN_CONSTANT_CONVERSION = YES;
				CLANG_WARN_DIRECT_OBJC_ISA_USAGE = YES_ERROR;
				CLANG_WARN_DOCUMENTATION_COMMENTS = YES;
				CLANG_WARN_EMPTY_BODY = YES;
				CLANG_WARN_ENUM_CONVERSION = YES;
				CLANG_WARN_INFINITE_RECURSION = YES;
				CLANG_WARN_INT_CONVERSION = YES;
				CLANG_WARN_OBJC_ROOT_CLASS = YES_ERROR;
				CLANG_WARN_SUSPICIOUS_MOVE = YES;
				CLANG_WARN_UNREACHABLE_CODE = YES;
				CLANG_WARN__DUPLICATE_METHOD_MATCH = YES;
				"CODE_SIGN_IDENTITY[sdk=iphoneos*]" = "iPhone Developer";
				COPY_PHASE_STRIP = NO;
				DEBUG_INFORMATION_FORMAT = "dwarf-with-dsym";
				ENABLE_NS_ASSERTIONS = NO;
				ENABLE_STRICT_OBJC_MSGSEND = YES;
				GCC_C_LANGUAGE_STANDARD = gnu99;
				GCC_NO_COMMON_BLOCKS = YES;
				GCC_WARN_64_TO_32_BIT_CONVERSION = YES;
				GCC_WARN_ABOUT_RETURN_TYPE = YES_ERROR;
				GCC_WARN_UNDECLARED_SELECTOR = YES;
				GCC_WARN_UNINITIALIZED_AUTOS = YES_AGGRESSIVE;
				GCC_WARN_UNUSED_FUNCTION = YES;
				GCC_WARN_UNUSED_VARIABLE = YES;
				IPHONEOS_DEPLOYMENT_TARGET = 10.2;
				MTL_ENABLE_DEBUG_INFO = NO;
				SDKROOT = iphoneos;
				TARGETED_DEVICE_FAMILY = "1,2";
				VALIDATE_PRODUCT = YES;
			};
			name = Release;
		};
		2CB102011E53743A007D33DA /* Debug */ = {
			isa = XCBuildConfiguration;
			baseConfigurationReference = 5609313774B0CCC5438D08AD /* Pods-tests.debug.xcconfig */;
			buildSettings = {
				ASSETCATALOG_COMPILER_APPICON_NAME = AppIcon;
				INFOPLIST_FILE = tests/Info.plist;
				LD_RUNPATH_SEARCH_PATHS = "$(inherited) @executable_path/Frameworks";
				PRODUCT_BUNDLE_IDENTIFIER = org.igagis.tests;
				PRODUCT_NAME = "$(TARGET_NAME)";
			};
			name = Debug;
		};
		2CB102021E53743A007D33DA /* Release */ = {
			isa = XCBuildConfiguration;
			baseConfigurationReference = 2576F776027BED87CF87E053 /* Pods-tests.release.xcconfig */;
			buildSettings = {
				ASSETCATALOG_COMPILER_APPICON_NAME = AppIcon;
				INFOPLIST_FILE = tests/Info.plist;
				LD_RUNPATH_SEARCH_PATHS = "$(inherited) @executable_path/Frameworks";
				PRODUCT_BUNDLE_IDENTIFIER = org.igagis.tests;
				PRODUCT_NAME = "$(TARGET_NAME)";
			};
			name = Release;
		};
/* End XCBuildConfiguration section */

/* Begin XCConfigurationList section */
		2CB101E41E53743A007D33DA /* Build configuration list for PBXProject "tests" */ = {
			isa = XCConfigurationList;
			buildConfigurations = (
				2CB101FE1E53743A007D33DA /* Debug */,
				2CB101FF1E53743A007D33DA /* Release */,
			);
			defaultConfigurationIsVisible = 0;
			defaultConfigurationName = Release;
		};
		2CB102001E53743A007D33DA /* Build configuration list for PBXNativeTarget "tests" */ = {
			isa = XCConfigurationList;
			buildConfigurations = (
				2CB102011E53743A007D33DA /* Debug */,
				2CB102021E53743A007D33DA /* Release */,
			);
			defaultConfigurationIsVisible = 0;
			defaultConfigurationName = Release;
		};
/* End XCConfigurationList section */
	};
	rootObject = 2CB101E11E53743A007D33DA /* Project object */;
}
